
Microsoft Visual Studio Solution File, Format Version 12.00
# Visual Studio 14
VisualStudioVersion = 14.0.25420.1
MinimumVisualStudioVersion = 10.0.40219.1
Project("{FAE04EC0-301F-11D3-BF4B-00C04F79EFBC}") = "Vue", "ProjetSelf\Vue.csproj", "{5E7EB701-A7F0-49EC-B445-FCE9033250A1}"
EndProject
Project("{FAE04EC0-301F-11D3-BF4B-00C04F79EFBC}") = "Metier", "Metier\Metier.csproj", "{10AF8304-6467-463F-ACD9-90809B31E2A8}"
EndProject
Project("{FAE04EC0-301F-11D3-BF4B-00C04F79EFBC}") = "Persistance", "Persistance\Persistance.csproj", "{DA49FA02-46F5-4EC9-BDE5-1EF27B1D2350}"
EndProject
Global
	GlobalSection(SolutionConfigurationPlatforms) = preSolution
		Debug|Any CPU = Debug|Any CPU
		Release|Any CPU = Release|Any CPU
	EndGlobalSection
	GlobalSection(ProjectConfigurationPlatforms) = postSolution
		{5E7EB701-A7F0-49EC-B445-FCE9033250A1}.Debug|Any CPU.ActiveCfg = Debug|Any CPU
		{5E7EB701-A7F0-49EC-B445-FCE9033250A1}.Debug|Any CPU.Build.0 = Debug|Any CPU
		{5E7EB701-A7F0-49EC-B445-FCE9033250A1}.Release|Any CPU.ActiveCfg = Release|Any CPU
		{5E7EB701-A7F0-49EC-B445-FCE9033250A1}.Release|Any CPU.Build.0 = Release|Any CPU
		{10AF8304-6467-463F-ACD9-90809B31E2A8}.Debug|Any CPU.ActiveCfg = Debug|Any CPU
		{10AF8304-6467-463F-ACD9-90809B31E2A8}.Debug|Any CPU.Build.0 = Debug|Any CPU
		{10AF8304-6467-463F-ACD9-90809B31E2A8}.Release|Any CPU.ActiveCfg = Release|Any CPU
		{10AF8304-6467-463F-ACD9-90809B31E2A8}.Release|Any CPU.Build.0 = Release|Any CPU
		{DA49FA02-46F5-4EC9-BDE5-1EF27B1D2350}.Debug|Any CPU.ActiveCfg = Debug|Any CPU
		{DA49FA02-46F5-4EC9-BDE5-1EF27B1D2350}.Debug|Any CPU.Build.0 = Debug|Any CPU
		{DA49FA02-46F5-4EC9-BDE5-1EF27B1D2350}.Release|Any CPU.ActiveCfg = Release|Any CPU
		{DA49FA02-46F5-4EC9-BDE5-1EF27B1D2350}.Release|Any CPU.Build.0 = Release|Any CPU
	EndGlobalSection
	GlobalSection(SolutionProperties) = preSolution
		HideSolutionNode = FALSE
	EndGlobalSection
EndGlobal
