
Microsoft Visual Studio Solution File, Format Version 12.00
# Visual Studio 14
VisualStudioVersion = 14.0.24720.0
MinimumVisualStudioVersion = 10.0.40219.1
Project("{FAE04EC0-301F-11D3-BF4B-00C04F79EFBC}") = "Appli", "Appli\Appli.csproj", "{23B094A6-5DD1-486C-BEE1-A2FDC1E2CEFC}"
EndProject
Project("{FAE04EC0-301F-11D3-BF4B-00C04F79EFBC}") = "Test", "Test\Test.csproj", "{B13D70F9-B3A1-4660-94F8-4060CBFA9143}"
EndProject
Global
	GlobalSection(SolutionConfigurationPlatforms) = preSolution
		Debug|Any CPU = Debug|Any CPU
		Release|Any CPU = Release|Any CPU
	EndGlobalSection
	GlobalSection(ProjectConfigurationPlatforms) = postSolution
		{23B094A6-5DD1-486C-BEE1-A2FDC1E2CEFC}.Debug|Any CPU.ActiveCfg = Debug|Any CPU
		{23B094A6-5DD1-486C-BEE1-A2FDC1E2CEFC}.Debug|Any CPU.Build.0 = Debug|Any CPU
		{23B094A6-5DD1-486C-BEE1-A2FDC1E2CEFC}.Release|Any CPU.ActiveCfg = Release|Any CPU
		{23B094A6-5DD1-486C-BEE1-A2FDC1E2CEFC}.Release|Any CPU.Build.0 = Release|Any CPU
		{B13D70F9-B3A1-4660-94F8-4060CBFA9143}.Debug|Any CPU.ActiveCfg = Debug|Any CPU
		{B13D70F9-B3A1-4660-94F8-4060CBFA9143}.Debug|Any CPU.Build.0 = Debug|Any CPU
		{B13D70F9-B3A1-4660-94F8-4060CBFA9143}.Release|Any CPU.ActiveCfg = Release|Any CPU
		{B13D70F9-B3A1-4660-94F8-4060CBFA9143}.Release|Any CPU.Build.0 = Release|Any CPU
	EndGlobalSection
	GlobalSection(SolutionProperties) = preSolution
		HideSolutionNode = FALSE
	EndGlobalSection
EndGlobal
